// !$*UTF8*$!
{
	archiveVersion = 1;
	classes = {
	};
	objectVersion = 56;
	objects = {

/* Begin PBXBuildFile section */
		4F0672132A312560007A3927 /* TopMoviesApp.swift in Sources */ = {isa = PBXBuildFile; fileRef = 4F0672122A312560007A3927 /* TopMoviesApp.swift */; };
		4F0672152A312560007A3927 /* MovieListView.swift in Sources */ = {isa = PBXBuildFile; fileRef = 4F0672142A312560007A3927 /* MovieListView.swift */; };
		4F0672172A312562007A3927 /* Assets.xcassets in Resources */ = {isa = PBXBuildFile; fileRef = 4F0672162A312562007A3927 /* Assets.xcassets */; };
		4F06721A2A312562007A3927 /* Preview Assets.xcassets in Resources */ = {isa = PBXBuildFile; fileRef = 4F0672192A312562007A3927 /* Preview Assets.xcassets */; };
		4F497BF92A33EF88009644B3 /* Movie.swift in Sources */ = {isa = PBXBuildFile; fileRef = 4F497BF82A33EF88009644B3 /* Movie.swift */; };
		4F497BFB2A33EFE1009644B3 /* MovieService.swift in Sources */ = {isa = PBXBuildFile; fileRef = 4F497BFA2A33EFE1009644B3 /* MovieService.swift */; };
		4F497BFF2A3537FF009644B3 /* Constants.swift in Sources */ = {isa = PBXBuildFile; fileRef = 4F497BFE2A3537FF009644B3 /* Constants.swift */; };
		4F497C022A354267009644B3 /* MovieListViewModel.swift in Sources */ = {isa = PBXBuildFile; fileRef = 4F497C012A354267009644B3 /* MovieListViewModel.swift */; };
		4F497C042A3549F0009644B3 /* MovieDetailsViewModel.swift in Sources */ = {isa = PBXBuildFile; fileRef = 4F497C032A3549F0009644B3 /* MovieDetailsViewModel.swift */; };
		4F497C062A354A00009644B3 /* MovieDetailsView.swift in Sources */ = {isa = PBXBuildFile; fileRef = 4F497C052A354A00009644B3 /* MovieDetailsView.swift */; };
		4F8F7B592A3B722600EAD9F1 /* DeviceExtension.swift in Sources */ = {isa = PBXBuildFile; fileRef = 4F8F7B582A3B722600EAD9F1 /* DeviceExtension.swift */; };
		4F8F7B5B2A3B72BC00EAD9F1 /* WindowExtension.swift in Sources */ = {isa = PBXBuildFile; fileRef = 4F8F7B5A2A3B72BC00EAD9F1 /* WindowExtension.swift */; };
		4F8F7B5D2A3B730B00EAD9F1 /* ViewExtension.swift in Sources */ = {isa = PBXBuildFile; fileRef = 4F8F7B5C2A3B730B00EAD9F1 /* ViewExtension.swift */; };
		4F8F7B602A3B73EC00EAD9F1 /* DeviceShakeViewModifier.swift in Sources */ = {isa = PBXBuildFile; fileRef = 4F8F7B5F2A3B73EC00EAD9F1 /* DeviceShakeViewModifier.swift */; };
		6C5EBE15B238923FB453E0CF /* Pods_TopMovies.framework in Frameworks */ = {isa = PBXBuildFile; fileRef = 0753B87AFDC8BCCC9F26A70D /* Pods_TopMovies.framework */; };
/* End PBXBuildFile section */

/* Begin PBXFileReference section */
		0753B87AFDC8BCCC9F26A70D /* Pods_TopMovies.framework */ = {isa = PBXFileReference; explicitFileType = wrapper.framework; includeInIndex = 0; path = Pods_TopMovies.framework; sourceTree = BUILT_PRODUCTS_DIR; };
		4F06720F2A312560007A3927 /* TopMovies.app */ = {isa = PBXFileReference; explicitFileType = wrapper.application; includeInIndex = 0; path = TopMovies.app; sourceTree = BUILT_PRODUCTS_DIR; };
		4F0672122A312560007A3927 /* TopMoviesApp.swift */ = {isa = PBXFileReference; lastKnownFileType = sourcecode.swift; path = TopMoviesApp.swift; sourceTree = "<group>"; };
		4F0672142A312560007A3927 /* MovieListView.swift */ = {isa = PBXFileReference; lastKnownFileType = sourcecode.swift; path = MovieListView.swift; sourceTree = "<group>"; };
		4F0672162A312562007A3927 /* Assets.xcassets */ = {isa = PBXFileReference; lastKnownFileType = folder.assetcatalog; path = Assets.xcassets; sourceTree = "<group>"; };
		4F0672192A312562007A3927 /* Preview Assets.xcassets */ = {isa = PBXFileReference; lastKnownFileType = folder.assetcatalog; path = "Preview Assets.xcassets"; sourceTree = "<group>"; };
		4F497BF82A33EF88009644B3 /* Movie.swift */ = {isa = PBXFileReference; lastKnownFileType = sourcecode.swift; path = Movie.swift; sourceTree = "<group>"; };
		4F497BFA2A33EFE1009644B3 /* MovieService.swift */ = {isa = PBXFileReference; lastKnownFileType = sourcecode.swift; path = MovieService.swift; sourceTree = "<group>"; };
		4F497BFE2A3537FF009644B3 /* Constants.swift */ = {isa = PBXFileReference; lastKnownFileType = sourcecode.swift; path = Constants.swift; sourceTree = "<group>"; };
		4F497C012A354267009644B3 /* MovieListViewModel.swift */ = {isa = PBXFileReference; lastKnownFileType = sourcecode.swift; path = MovieListViewModel.swift; sourceTree = "<group>"; };
		4F497C032A3549F0009644B3 /* MovieDetailsViewModel.swift */ = {isa = PBXFileReference; lastKnownFileType = sourcecode.swift; path = MovieDetailsViewModel.swift; sourceTree = "<group>"; };
		4F497C052A354A00009644B3 /* MovieDetailsView.swift */ = {isa = PBXFileReference; lastKnownFileType = sourcecode.swift; path = MovieDetailsView.swift; sourceTree = "<group>"; };
		4F8F7B582A3B722600EAD9F1 /* DeviceExtension.swift */ = {isa = PBXFileReference; lastKnownFileType = sourcecode.swift; path = DeviceExtension.swift; sourceTree = "<group>"; };
		4F8F7B5A2A3B72BC00EAD9F1 /* WindowExtension.swift */ = {isa = PBXFileReference; lastKnownFileType = sourcecode.swift; path = WindowExtension.swift; sourceTree = "<group>"; };
		4F8F7B5C2A3B730B00EAD9F1 /* ViewExtension.swift */ = {isa = PBXFileReference; lastKnownFileType = sourcecode.swift; path = ViewExtension.swift; sourceTree = "<group>"; };
		4F8F7B5F2A3B73EC00EAD9F1 /* DeviceShakeViewModifier.swift */ = {isa = PBXFileReference; lastKnownFileType = sourcecode.swift; path = DeviceShakeViewModifier.swift; sourceTree = "<group>"; };
		4F8F7B612A3B88A900EAD9F1 /* Info.plist */ = {isa = PBXFileReference; lastKnownFileType = text.plist; path = Info.plist; sourceTree = "<group>"; };
		5D446A28CEED7169646607C3 /* Pods-TopMovies.release.xcconfig */ = {isa = PBXFileReference; includeInIndex = 1; lastKnownFileType = text.xcconfig; name = "Pods-TopMovies.release.xcconfig"; path = "Target Support Files/Pods-TopMovies/Pods-TopMovies.release.xcconfig"; sourceTree = "<group>"; };
		97F35A9DD63E5C51117B6714 /* Pods-TopMovies.debug.xcconfig */ = {isa = PBXFileReference; includeInIndex = 1; lastKnownFileType = text.xcconfig; name = "Pods-TopMovies.debug.xcconfig"; path = "Target Support Files/Pods-TopMovies/Pods-TopMovies.debug.xcconfig"; sourceTree = "<group>"; };
/* End PBXFileReference section */

/* Begin PBXFrameworksBuildPhase section */
		4F06720C2A312560007A3927 /* Frameworks */ = {
			isa = PBXFrameworksBuildPhase;
			buildActionMask = 2147483647;
			files = (
				6C5EBE15B238923FB453E0CF /* Pods_TopMovies.framework in Frameworks */,
			);
			runOnlyForDeploymentPostprocessing = 0;
		};
/* End PBXFrameworksBuildPhase section */

/* Begin PBXGroup section */
		1F2B6F2E73753209640682BA /* Pods */ = {
			isa = PBXGroup;
			children = (
				97F35A9DD63E5C51117B6714 /* Pods-TopMovies.debug.xcconfig */,
				5D446A28CEED7169646607C3 /* Pods-TopMovies.release.xcconfig */,
			);
			path = Pods;
			sourceTree = "<group>";
		};
		4F0672062A312560007A3927 = {
			isa = PBXGroup;
			children = (
				4F0672112A312560007A3927 /* TopMovies */,
				4F0672102A312560007A3927 /* Products */,
				1F2B6F2E73753209640682BA /* Pods */,
				963F971D1C09FD9DD7F8040D /* Frameworks */,
			);
			sourceTree = "<group>";
		};
		4F0672102A312560007A3927 /* Products */ = {
			isa = PBXGroup;
			children = (
				4F06720F2A312560007A3927 /* TopMovies.app */,
			);
			name = Products;
			sourceTree = "<group>";
		};
		4F0672112A312560007A3927 /* TopMovies */ = {
			isa = PBXGroup;
			children = (
				4F8F7B612A3B88A900EAD9F1 /* Info.plist */,
				4F0672122A312560007A3927 /* TopMoviesApp.swift */,
				4F8F7B5E2A3B733900EAD9F1 /* ViewModifier */,
				4F8F7B572A3B71F400EAD9F1 /* Extension */,
				4FDF602F2A3279D60025D21F /* Api */,
				4F497C002A3541FD009644B3 /* ViewModel */,
				4FDF602E2A3279C10025D21F /* View */,
				4F0672162A312562007A3927 /* Assets.xcassets */,
				4F0672182A312562007A3927 /* Preview Content */,
				4F497BFE2A3537FF009644B3 /* Constants.swift */,
			);
			path = TopMovies;
			sourceTree = "<group>";
		};
		4F0672182A312562007A3927 /* Preview Content */ = {
			isa = PBXGroup;
			children = (
				4F0672192A312562007A3927 /* Preview Assets.xcassets */,
			);
			path = "Preview Content";
			sourceTree = "<group>";
		};
		4F497BFC2A33EFFD009644B3 /* Model */ = {
			isa = PBXGroup;
			children = (
				4F497BF82A33EF88009644B3 /* Movie.swift */,
			);
			path = Model;
			sourceTree = "<group>";
		};
		4F497BFD2A33F006009644B3 /* Service */ = {
			isa = PBXGroup;
			children = (
				4F497BFA2A33EFE1009644B3 /* MovieService.swift */,
			);
			path = Service;
			sourceTree = "<group>";
		};
		4F497C002A3541FD009644B3 /* ViewModel */ = {
			isa = PBXGroup;
			children = (
				4F497C012A354267009644B3 /* MovieListViewModel.swift */,
				4F497C032A3549F0009644B3 /* MovieDetailsViewModel.swift */,
			);
			path = ViewModel;
			sourceTree = "<group>";
		};
		4F8F7B572A3B71F400EAD9F1 /* Extension */ = {
			isa = PBXGroup;
			children = (
				4F8F7B582A3B722600EAD9F1 /* DeviceExtension.swift */,
				4F8F7B5A2A3B72BC00EAD9F1 /* WindowExtension.swift */,
				4F8F7B5C2A3B730B00EAD9F1 /* ViewExtension.swift */,
			);
			path = Extension;
			sourceTree = "<group>";
		};
		4F8F7B5E2A3B733900EAD9F1 /* ViewModifier */ = {
			isa = PBXGroup;
			children = (
				4F8F7B5F2A3B73EC00EAD9F1 /* DeviceShakeViewModifier.swift */,
			);
			path = ViewModifier;
			sourceTree = "<group>";
		};
		4FDF602E2A3279C10025D21F /* View */ = {
			isa = PBXGroup;
			children = (
				4F0672142A312560007A3927 /* MovieListView.swift */,
				4F497C052A354A00009644B3 /* MovieDetailsView.swift */,
			);
			path = View;
			sourceTree = "<group>";
		};
		4FDF602F2A3279D60025D21F /* Api */ = {
			isa = PBXGroup;
			children = (
				4F497BFC2A33EFFD009644B3 /* Model */,
				4F497BFD2A33F006009644B3 /* Service */,
			);
			path = Api;
			sourceTree = "<group>";
		};
		963F971D1C09FD9DD7F8040D /* Frameworks */ = {
			isa = PBXGroup;
			children = (
				0753B87AFDC8BCCC9F26A70D /* Pods_TopMovies.framework */,
			);
			name = Frameworks;
			sourceTree = "<group>";
		};
/* End PBXGroup section */

/* Begin PBXNativeTarget section */
		4F06720E2A312560007A3927 /* TopMovies */ = {
			isa = PBXNativeTarget;
			buildConfigurationList = 4F06721D2A312562007A3927 /* Build configuration list for PBXNativeTarget "TopMovies" */;
			buildPhases = (
				F45425EB6C219695CD4B332E /* [CP] Check Pods Manifest.lock */,
				4F06720B2A312560007A3927 /* Sources */,
				4F06720C2A312560007A3927 /* Frameworks */,
				4F06720D2A312560007A3927 /* Resources */,
				9517132728461A462FAB14D8 /* [CP] Embed Pods Frameworks */,
			);
			buildRules = (
			);
			dependencies = (
			);
			name = TopMovies;
			productName = TopMovies;
			productReference = 4F06720F2A312560007A3927 /* TopMovies.app */;
			productType = "com.apple.product-type.application";
		};
/* End PBXNativeTarget section */

/* Begin PBXProject section */
		4F0672072A312560007A3927 /* Project object */ = {
			isa = PBXProject;
			attributes = {
				BuildIndependentTargetsInParallel = 1;
				LastSwiftUpdateCheck = 1430;
				LastUpgradeCheck = 1430;
				TargetAttributes = {
					4F06720E2A312560007A3927 = {
						CreatedOnToolsVersion = 14.3;
					};
				};
			};
			buildConfigurationList = 4F06720A2A312560007A3927 /* Build configuration list for PBXProject "TopMovies" */;
			compatibilityVersion = "Xcode 14.0";
			developmentRegion = en;
			hasScannedForEncodings = 0;
			knownRegions = (
				en,
				Base,
			);
			mainGroup = 4F0672062A312560007A3927;
			productRefGroup = 4F0672102A312560007A3927 /* Products */;
			projectDirPath = "";
			projectRoot = "";
			targets = (
				4F06720E2A312560007A3927 /* TopMovies */,
			);
		};
/* End PBXProject section */

/* Begin PBXResourcesBuildPhase section */
		4F06720D2A312560007A3927 /* Resources */ = {
			isa = PBXResourcesBuildPhase;
			buildActionMask = 2147483647;
			files = (
				4F06721A2A312562007A3927 /* Preview Assets.xcassets in Resources */,
				4F0672172A312562007A3927 /* Assets.xcassets in Resources */,
			);
			runOnlyForDeploymentPostprocessing = 0;
		};
/* End PBXResourcesBuildPhase section */

/* Begin PBXShellScriptBuildPhase section */
		9517132728461A462FAB14D8 /* [CP] Embed Pods Frameworks */ = {
			isa = PBXShellScriptBuildPhase;
			buildActionMask = 2147483647;
			files = (
			);
			inputFileListPaths = (
				"${PODS_ROOT}/Target Support Files/Pods-TopMovies/Pods-TopMovies-frameworks-${CONFIGURATION}-input-files.xcfilelist",
			);
			name = "[CP] Embed Pods Frameworks";
			outputFileListPaths = (
				"${PODS_ROOT}/Target Support Files/Pods-TopMovies/Pods-TopMovies-frameworks-${CONFIGURATION}-output-files.xcfilelist",
			);
			runOnlyForDeploymentPostprocessing = 0;
			shellPath = /bin/sh;
			shellScript = "\"${PODS_ROOT}/Target Support Files/Pods-TopMovies/Pods-TopMovies-frameworks.sh\"\n";
			showEnvVarsInLog = 0;
		};
		F45425EB6C219695CD4B332E /* [CP] Check Pods Manifest.lock */ = {
			isa = PBXShellScriptBuildPhase;
			buildActionMask = 2147483647;
			files = (
			);
			inputFileListPaths = (
			);
			inputPaths = (
				"${PODS_PODFILE_DIR_PATH}/Podfile.lock",
				"${PODS_ROOT}/Manifest.lock",
			);
			name = "[CP] Check Pods Manifest.lock";
			outputFileListPaths = (
			);
			outputPaths = (
				"$(DERIVED_FILE_DIR)/Pods-TopMovies-checkManifestLockResult.txt",
			);
			runOnlyForDeploymentPostprocessing = 0;
			shellPath = /bin/sh;
			shellScript = "diff \"${PODS_PODFILE_DIR_PATH}/Podfile.lock\" \"${PODS_ROOT}/Manifest.lock\" > /dev/null\nif [ $? != 0 ] ; then\n    # print error to STDERR\n    echo \"error: The sandbox is not in sync with the Podfile.lock. Run 'pod install' or update your CocoaPods installation.\" >&2\n    exit 1\nfi\n# This output is used by Xcode 'outputs' to avoid re-running this script phase.\necho \"SUCCESS\" > \"${SCRIPT_OUTPUT_FILE_0}\"\n";
			showEnvVarsInLog = 0;
		};
/* End PBXShellScriptBuildPhase section */

/* Begin PBXSourcesBuildPhase section */
		4F06720B2A312560007A3927 /* Sources */ = {
			isa = PBXSourcesBuildPhase;
			buildActionMask = 2147483647;
			files = (
				4F8F7B592A3B722600EAD9F1 /* DeviceExtension.swift in Sources */,
				4F497C042A3549F0009644B3 /* MovieDetailsViewModel.swift in Sources */,
				4F8F7B602A3B73EC00EAD9F1 /* DeviceShakeViewModifier.swift in Sources */,
				4F497BFF2A3537FF009644B3 /* Constants.swift in Sources */,
				4F8F7B5B2A3B72BC00EAD9F1 /* WindowExtension.swift in Sources */,
				4F497C062A354A00009644B3 /* MovieDetailsView.swift in Sources */,
				4F0672152A312560007A3927 /* MovieListView.swift in Sources */,
				4F8F7B5D2A3B730B00EAD9F1 /* ViewExtension.swift in Sources */,
				4F0672132A312560007A3927 /* TopMoviesApp.swift in Sources */,
				4F497BFB2A33EFE1009644B3 /* MovieService.swift in Sources */,
				4F497BF92A33EF88009644B3 /* Movie.swift in Sources */,
				4F497C022A354267009644B3 /* MovieListViewModel.swift in Sources */,
			);
			runOnlyForDeploymentPostprocessing = 0;
		};
/* End PBXSourcesBuildPhase section */

/* Begin XCBuildConfiguration section */
		4F06721B2A312562007A3927 /* Debug */ = {
			isa = XCBuildConfiguration;
			buildSettings = {
				ALWAYS_SEARCH_USER_PATHS = NO;
				CLANG_ANALYZER_NONNULL = YES;
				CLANG_ANALYZER_NUMBER_OBJECT_CONVERSION = YES_AGGRESSIVE;
				CLANG_CXX_LANGUAGE_STANDARD = "gnu++20";
				CLANG_ENABLE_MODULES = YES;
				CLANG_ENABLE_OBJC_ARC = YES;
				CLANG_ENABLE_OBJC_WEAK = YES;
				CLANG_WARN_BLOCK_CAPTURE_AUTORELEASING = YES;
				CLANG_WARN_BOOL_CONVERSION = YES;
				CLANG_WARN_COMMA = YES;
				CLANG_WARN_CONSTANT_CONVERSION = YES;
				CLANG_WARN_DEPRECATED_OBJC_IMPLEMENTATIONS = YES;
				CLANG_WARN_DIRECT_OBJC_ISA_USAGE = YES_ERROR;
				CLANG_WARN_DOCUMENTATION_COMMENTS = YES;
				CLANG_WARN_EMPTY_BODY = YES;
				CLANG_WARN_ENUM_CONVERSION = YES;
				CLANG_WARN_INFINITE_RECURSION = YES;
				CLANG_WARN_INT_CONVERSION = YES;
				CLANG_WARN_NON_LITERAL_NULL_CONVERSION = YES;
				CLANG_WARN_OBJC_IMPLICIT_RETAIN_SELF = YES;
				CLANG_WARN_OBJC_LITERAL_CONVERSION = YES;
				CLANG_WARN_OBJC_ROOT_CLASS = YES_ERROR;
				CLANG_WARN_QUOTED_INCLUDE_IN_FRAMEWORK_HEADER = YES;
				CLANG_WARN_RANGE_LOOP_ANALYSIS = YES;
				CLANG_WARN_STRICT_PROTOTYPES = YES;
				CLANG_WARN_SUSPICIOUS_MOVE = YES;
				CLANG_WARN_UNGUARDED_AVAILABILITY = YES_AGGRESSIVE;
				CLANG_WARN_UNREACHABLE_CODE = YES;
				CLANG_WARN__DUPLICATE_METHOD_MATCH = YES;
				COPY_PHASE_STRIP = NO;
				DEBUG_INFORMATION_FORMAT = dwarf;
				ENABLE_STRICT_OBJC_MSGSEND = YES;
				ENABLE_TESTABILITY = YES;
				GCC_C_LANGUAGE_STANDARD = gnu11;
				GCC_DYNAMIC_NO_PIC = NO;
				GCC_NO_COMMON_BLOCKS = YES;
				GCC_OPTIMIZATION_LEVEL = 0;
				GCC_PREPROCESSOR_DEFINITIONS = (
					"DEBUG=1",
					"$(inherited)",
				);
				GCC_WARN_64_TO_32_BIT_CONVERSION = YES;
				GCC_WARN_ABOUT_RETURN_TYPE = YES_ERROR;
				GCC_WARN_UNDECLARED_SELECTOR = YES;
				GCC_WARN_UNINITIALIZED_AUTOS = YES_AGGRESSIVE;
				GCC_WARN_UNUSED_FUNCTION = YES;
				GCC_WARN_UNUSED_VARIABLE = YES;
				IPHONEOS_DEPLOYMENT_TARGET = 16.4;
				MTL_ENABLE_DEBUG_INFO = INCLUDE_SOURCE;
				MTL_FAST_MATH = YES;
				ONLY_ACTIVE_ARCH = YES;
				SDKROOT = iphoneos;
				SWIFT_ACTIVE_COMPILATION_CONDITIONS = DEBUG;
				SWIFT_OPTIMIZATION_LEVEL = "-Onone";
			};
			name = Debug;
		};
		4F06721C2A312562007A3927 /* Release */ = {
			isa = XCBuildConfiguration;
			buildSettings = {
				ALWAYS_SEARCH_USER_PATHS = NO;
				CLANG_ANALYZER_NONNULL = YES;
				CLANG_ANALYZER_NUMBER_OBJECT_CONVERSION = YES_AGGRESSIVE;
				CLANG_CXX_LANGUAGE_STANDARD = "gnu++20";
				CLANG_ENABLE_MODULES = YES;
				CLANG_ENABLE_OBJC_ARC = YES;
				CLANG_ENABLE_OBJC_WEAK = YES;
				CLANG_WARN_BLOCK_CAPTURE_AUTORELEASING = YES;
				CLANG_WARN_BOOL_CONVERSION = YES;
				CLANG_WARN_COMMA = YES;
				CLANG_WARN_CONSTANT_CONVERSION = YES;
				CLANG_WARN_DEPRECATED_OBJC_IMPLEMENTATIONS = YES;
				CLANG_WARN_DIRECT_OBJC_ISA_USAGE = YES_ERROR;
				CLANG_WARN_DOCUMENTATION_COMMENTS = YES;
				CLANG_WARN_EMPTY_BODY = YES;
				CLANG_WARN_ENUM_CONVERSION = YES;
				CLANG_WARN_INFINITE_RECURSION = YES;
				CLANG_WARN_INT_CONVERSION = YES;
				CLANG_WARN_NON_LITERAL_NULL_CONVERSION = YES;
				CLANG_WARN_OBJC_IMPLICIT_RETAIN_SELF = YES;
				CLANG_WARN_OBJC_LITERAL_CONVERSION = YES;
				CLANG_WARN_OBJC_ROOT_CLASS = YES_ERROR;
				CLANG_WARN_QUOTED_INCLUDE_IN_FRAMEWORK_HEADER = YES;
				CLANG_WARN_RANGE_LOOP_ANALYSIS = YES;
				CLANG_WARN_STRICT_PROTOTYPES = YES;
				CLANG_WARN_SUSPICIOUS_MOVE = YES;
				CLANG_WARN_UNGUARDED_AVAILABILITY = YES_AGGRESSIVE;
				CLANG_WARN_UNREACHABLE_CODE = YES;
				CLANG_WARN__DUPLICATE_METHOD_MATCH = YES;
				COPY_PHASE_STRIP = NO;
				DEBUG_INFORMATION_FORMAT = "dwarf-with-dsym";
				ENABLE_NS_ASSERTIONS = NO;
				ENABLE_STRICT_OBJC_MSGSEND = YES;
				GCC_C_LANGUAGE_STANDARD = gnu11;
				GCC_NO_COMMON_BLOCKS = YES;
				GCC_WARN_64_TO_32_BIT_CONVERSION = YES;
				GCC_WARN_ABOUT_RETURN_TYPE = YES_ERROR;
				GCC_WARN_UNDECLARED_SELECTOR = YES;
				GCC_WARN_UNINITIALIZED_AUTOS = YES_AGGRESSIVE;
				GCC_WARN_UNUSED_FUNCTION = YES;
				GCC_WARN_UNUSED_VARIABLE = YES;
				IPHONEOS_DEPLOYMENT_TARGET = 16.4;
				MTL_ENABLE_DEBUG_INFO = NO;
				MTL_FAST_MATH = YES;
				SDKROOT = iphoneos;
				SWIFT_COMPILATION_MODE = wholemodule;
				SWIFT_OPTIMIZATION_LEVEL = "-O";
				VALIDATE_PRODUCT = YES;
			};
			name = Release;
		};
		4F06721E2A312562007A3927 /* Debug */ = {
			isa = XCBuildConfiguration;
			baseConfigurationReference = 97F35A9DD63E5C51117B6714 /* Pods-TopMovies.debug.xcconfig */;
			buildSettings = {
				ASSETCATALOG_COMPILER_APPICON_NAME = AppIcon;
				ASSETCATALOG_COMPILER_GLOBAL_ACCENT_COLOR_NAME = AccentColor;
				CODE_SIGN_STYLE = Automatic;
				CURRENT_PROJECT_VERSION = 1;
				DEVELOPMENT_ASSET_PATHS = "\"TopMovies/Preview Content\"";
				DEVELOPMENT_TEAM = 28TZUHU66D;
				ENABLE_PREVIEWS = YES;
				GENERATE_INFOPLIST_FILE = YES;
				INFOPLIST_FILE = TopMovies/Info.plist;
				INFOPLIST_KEY_UIApplicationSceneManifest_Generation = YES;
				INFOPLIST_KEY_UIApplicationSupportsIndirectInputEvents = YES;
				INFOPLIST_KEY_UISupportedInterfaceOrientations_iPad = "UIInterfaceOrientationPortrait UIInterfaceOrientationPortraitUpsideDown UIInterfaceOrientationLandscapeLeft UIInterfaceOrientationLandscapeRight";
				INFOPLIST_KEY_UISupportedInterfaceOrientations_iPhone = "UIInterfaceOrientationPortrait UIInterfaceOrientationLandscapeLeft UIInterfaceOrientationLandscapeRight";
				LD_RUNPATH_SEARCH_PATHS = (
					"$(inherited)",
					"@executable_path/Frameworks",
				);
				MARKETING_VERSION = 1.0;
				PRODUCT_BUNDLE_IDENTIFIER = alicja.gruca.TopMovies;
				PRODUCT_NAME = "$(TARGET_NAME)";
				SWIFT_EMIT_LOC_STRINGS = YES;
				SWIFT_VERSION = 5.0;
				TARGETED_DEVICE_FAMILY = "1,2";
			};
			name = Debug;
		};
		4F06721F2A312562007A3927 /* Release */ = {
			isa = XCBuildConfiguration;
			baseConfigurationReference = 5D446A28CEED7169646607C3 /* Pods-TopMovies.release.xcconfig */;
			buildSettings = {
				ASSETCATALOG_COMPILER_APPICON_NAME = AppIcon;
				ASSETCATALOG_COMPILER_GLOBAL_ACCENT_COLOR_NAME = AccentColor;
				CODE_SIGN_STYLE = Automatic;
				CURRENT_PROJECT_VERSION = 1;
				DEVELOPMENT_ASSET_PATHS = "\"TopMovies/Preview Content\"";
				DEVELOPMENT_TEAM = 28TZUHU66D;
				ENABLE_PREVIEWS = YES;
				GENERATE_INFOPLIST_FILE = YES;
				INFOPLIST_FILE = TopMovies/Info.plist;
				INFOPLIST_KEY_UIApplicationSceneManifest_Generation = YES;
				INFOPLIST_KEY_UIApplicationSupportsIndirectInputEvents = YES;
				INFOPLIST_KEY_UISupportedInterfaceOrientations_iPad = "UIInterfaceOrientationPortrait UIInterfaceOrientationPortraitUpsideDown UIInterfaceOrientationLandscapeLeft UIInterfaceOrientationLandscapeRight";
				INFOPLIST_KEY_UISupportedInterfaceOrientations_iPhone = "UIInterfaceOrientationPortrait UIInterfaceOrientationLandscapeLeft UIInterfaceOrientationLandscapeRight";
				LD_RUNPATH_SEARCH_PATHS = (
					"$(inherited)",
					"@executable_path/Frameworks",
				);
				MARKETING_VERSION = 1.0;
				PRODUCT_BUNDLE_IDENTIFIER = alicja.gruca.TopMovies;
				PRODUCT_NAME = "$(TARGET_NAME)";
				SWIFT_EMIT_LOC_STRINGS = YES;
				SWIFT_VERSION = 5.0;
				TARGETED_DEVICE_FAMILY = "1,2";
			};
			name = Release;
		};
/* End XCBuildConfiguration section */

/* Begin XCConfigurationList section */
		4F06720A2A312560007A3927 /* Build configuration list for PBXProject "TopMovies" */ = {
			isa = XCConfigurationList;
			buildConfigurations = (
				4F06721B2A312562007A3927 /* Debug */,
				4F06721C2A312562007A3927 /* Release */,
			);
			defaultConfigurationIsVisible = 0;
			defaultConfigurationName = Release;
		};
		4F06721D2A312562007A3927 /* Build configuration list for PBXNativeTarget "TopMovies" */ = {
			isa = XCConfigurationList;
			buildConfigurations = (
				4F06721E2A312562007A3927 /* Debug */,
				4F06721F2A312562007A3927 /* Release */,
			);
			defaultConfigurationIsVisible = 0;
			defaultConfigurationName = Release;
		};
/* End XCConfigurationList section */
	};
	rootObject = 4F0672072A312560007A3927 /* Project object */;
}
